
Microsoft Visual Studio Solution File, Format Version 12.00
# Visual Studio 15
VisualStudioVersion = 15.0.28307.421
MinimumVisualStudioVersion = 10.0.40219.1
Project("{FAE04EC0-301F-11D3-BF4B-00C04F79EFBC}") = "Sudoku", "Sudoku\Sudoku.csproj", "{FA52C93B-48CD-45D4-86F6-29CC20C91485}"
EndProject
Global
	GlobalSection(SolutionConfigurationPlatforms) = preSolution
		Debug|Any CPU = Debug|Any CPU
		Release|Any CPU = Release|Any CPU
	EndGlobalSection
	GlobalSection(ProjectConfigurationPlatforms) = postSolution
		{FA52C93B-48CD-45D4-86F6-29CC20C91485}.Debug|Any CPU.ActiveCfg = Debug|Any CPU
		{FA52C93B-48CD-45D4-86F6-29CC20C91485}.Debug|Any CPU.Build.0 = Debug|Any CPU
		{FA52C93B-48CD-45D4-86F6-29CC20C91485}.Release|Any CPU.ActiveCfg = Release|Any CPU
		{FA52C93B-48CD-45D4-86F6-29CC20C91485}.Release|Any CPU.Build.0 = Release|Any CPU
	EndGlobalSection
	GlobalSection(SolutionProperties) = preSolution
		HideSolutionNode = FALSE
	EndGlobalSection
	GlobalSection(ExtensibilityGlobals) = postSolution
		SolutionGuid = {3ACFF60D-F50D-49C1-93BD-0D712FA1FFDB}
	EndGlobalSection
EndGlobal
