
Microsoft Visual Studio Solution File, Format Version 12.00
# Visual Studio Version 16
VisualStudioVersion = 16.0.28803.452
MinimumVisualStudioVersion = 10.0.40219.1
Project("{FAE04EC0-301F-11D3-BF4B-00C04F79EFBC}") = "Hotel", "Hotel\Hotel.csproj", "{A25CC4C1-FA04-4555-A48E-5967273F8249}"
EndProject
Global
	GlobalSection(SolutionConfigurationPlatforms) = preSolution
		Debug|Any CPU = Debug|Any CPU
		Release|Any CPU = Release|Any CPU
	EndGlobalSection
	GlobalSection(ProjectConfigurationPlatforms) = postSolution
		{A25CC4C1-FA04-4555-A48E-5967273F8249}.Debug|Any CPU.ActiveCfg = Debug|Any CPU
		{A25CC4C1-FA04-4555-A48E-5967273F8249}.Debug|Any CPU.Build.0 = Debug|Any CPU
		{A25CC4C1-FA04-4555-A48E-5967273F8249}.Release|Any CPU.ActiveCfg = Release|Any CPU
		{A25CC4C1-FA04-4555-A48E-5967273F8249}.Release|Any CPU.Build.0 = Release|Any CPU
	EndGlobalSection
	GlobalSection(SolutionProperties) = preSolution
		HideSolutionNode = FALSE
	EndGlobalSection
	GlobalSection(ExtensibilityGlobals) = postSolution
		SolutionGuid = {3E851AF7-5571-4ED3-9BEB-645A6169A6B0}
	EndGlobalSection
EndGlobal
